
Microsoft Visual Studio Solution File, Format Version 12.00
# Visual Studio Version 16
VisualStudioVersion = 16.0.31515.178
MinimumVisualStudioVersion = 10.0.40219.1
Project("{FAE04EC0-301F-11D3-BF4B-00C04F79EFBC}") = "practica_230921", "practica_230921.csproj", "{E16AEB03-1D38-4198-9628-789B3C176228}"
EndProject
Global
	GlobalSection(SolutionConfigurationPlatforms) = preSolution
		Debug|Any CPU = Debug|Any CPU
		Release|Any CPU = Release|Any CPU
	EndGlobalSection
	GlobalSection(ProjectConfigurationPlatforms) = postSolution
		{E16AEB03-1D38-4198-9628-789B3C176228}.Debug|Any CPU.ActiveCfg = Debug|Any CPU
		{E16AEB03-1D38-4198-9628-789B3C176228}.Debug|Any CPU.Build.0 = Debug|Any CPU
		{E16AEB03-1D38-4198-9628-789B3C176228}.Release|Any CPU.ActiveCfg = Release|Any CPU
		{E16AEB03-1D38-4198-9628-789B3C176228}.Release|Any CPU.Build.0 = Release|Any CPU
	EndGlobalSection
	GlobalSection(SolutionProperties) = preSolution
		HideSolutionNode = FALSE
	EndGlobalSection
	GlobalSection(ExtensibilityGlobals) = postSolution
		SolutionGuid = {050EB9F8-0355-436F-BF8D-63968AA1476A}
	EndGlobalSection
EndGlobal
